// !$*UTF8*$!
{
	archiveVersion = 1;
	classes = {
	};
	objectVersion = 50;
	objects = {

/* Begin PBXBuildFile section */
		B02491FE24C3F5D3000349C9 /* AIPlayer.swift in Sources */ = {isa = PBXBuildFile; fileRef = B02491FD24C3F5D3000349C9 /* AIPlayer.swift */; };
		B024920924C40CB1000349C9 /* 爆炸.mp3 in Resources */ = {isa = PBXBuildFile; fileRef = B024920824C40CB1000349C9 /* 爆炸.mp3 */; };
		B07580CB24BA127600A13237 /* AppDelegate.swift in Sources */ = {isa = PBXBuildFile; fileRef = B07580CA24BA127600A13237 /* AppDelegate.swift */; };
		B07580CD24BA127600A13237 /* SceneDelegate.swift in Sources */ = {isa = PBXBuildFile; fileRef = B07580CC24BA127600A13237 /* SceneDelegate.swift */; };
		B07580CF24BA127600A13237 /* ViewController.swift in Sources */ = {isa = PBXBuildFile; fileRef = B07580CE24BA127600A13237 /* ViewController.swift */; };
		B07580D224BA127600A13237 /* Main.storyboard in Resources */ = {isa = PBXBuildFile; fileRef = B07580D024BA127600A13237 /* Main.storyboard */; };
		B07580D424BA127700A13237 /* Assets.xcassets in Resources */ = {isa = PBXBuildFile; fileRef = B07580D324BA127700A13237 /* Assets.xcassets */; };
		B07580D724BA127700A13237 /* LaunchScreen.storyboard in Resources */ = {isa = PBXBuildFile; fileRef = B07580D524BA127700A13237 /* LaunchScreen.storyboard */; };
		B07580E224BA127700A13237 /* ExpendibotsTests.swift in Sources */ = {isa = PBXBuildFile; fileRef = B07580E124BA127700A13237 /* ExpendibotsTests.swift */; };
		B07580ED24BA127700A13237 /* ExpendibotsUITests.swift in Sources */ = {isa = PBXBuildFile; fileRef = B07580EC24BA127700A13237 /* ExpendibotsUITests.swift */; };
		B075813024BAD80500A13237 /* Piece.swift in Sources */ = {isa = PBXBuildFile; fileRef = B075812F24BAD80500A13237 /* Piece.swift */; };
		B075813324BAD96F00A13237 /* board.swift in Sources */ = {isa = PBXBuildFile; fileRef = B075813224BAD96F00A13237 /* board.swift */; };
		B075813D24C0449900A13237 /* extensionUIView.swift in Sources */ = {isa = PBXBuildFile; fileRef = B075813C24C0449900A13237 /* extensionUIView.swift */; };
		B075813F24C3133C00A13237 /* game.swift in Sources */ = {isa = PBXBuildFile; fileRef = B075813E24C3133C00A13237 /* game.swift */; };
		B0924FE924DB3B7B00FB2D73 /* history.swift in Sources */ = {isa = PBXBuildFile; fileRef = B0924FE824DB3B7B00FB2D73 /* history.swift */; };
		B0924FF024DB497400FB2D73 /* 三轮学.mp3 in Resources */ = {isa = PBXBuildFile; fileRef = B0924FEE24DB497400FB2D73 /* 三轮学.mp3 */; };
		B0924FF124DB497400FB2D73 /* select.wav in Resources */ = {isa = PBXBuildFile; fileRef = B0924FEF24DB497400FB2D73 /* select.wav */; };
/* End PBXBuildFile section */

/* Begin PBXContainerItemProxy section */
		B07580DE24BA127700A13237 /* PBXContainerItemProxy */ = {
			isa = PBXContainerItemProxy;
			containerPortal = B07580BF24BA127600A13237 /* Project object */;
			proxyType = 1;
			remoteGlobalIDString = B07580C624BA127600A13237;
			remoteInfo = Expendibots;
		};
		B07580E924BA127700A13237 /* PBXContainerItemProxy */ = {
			isa = PBXContainerItemProxy;
			containerPortal = B07580BF24BA127600A13237 /* Project object */;
			proxyType = 1;
			remoteGlobalIDString = B07580C624BA127600A13237;
			remoteInfo = Expendibots;
		};
/* End PBXContainerItemProxy section */

/* Begin PBXFileReference section */
		B02491FD24C3F5D3000349C9 /* AIPlayer.swift */ = {isa = PBXFileReference; lastKnownFileType = sourcecode.swift; path = AIPlayer.swift; sourceTree = "<group>"; };
		B024920824C40CB1000349C9 /* 爆炸.mp3 */ = {isa = PBXFileReference; lastKnownFileType = audio.mp3; path = "爆炸.mp3"; sourceTree = "<group>"; };
		B07580C724BA127600A13237 /* Expendibots.app */ = {isa = PBXFileReference; explicitFileType = wrapper.application; includeInIndex = 0; path = Expendibots.app; sourceTree = BUILT_PRODUCTS_DIR; };
		B07580CA24BA127600A13237 /* AppDelegate.swift */ = {isa = PBXFileReference; lastKnownFileType = sourcecode.swift; path = AppDelegate.swift; sourceTree = "<group>"; };
		B07580CC24BA127600A13237 /* SceneDelegate.swift */ = {isa = PBXFileReference; lastKnownFileType = sourcecode.swift; path = SceneDelegate.swift; sourceTree = "<group>"; };
		B07580CE24BA127600A13237 /* ViewController.swift */ = {isa = PBXFileReference; lastKnownFileType = sourcecode.swift; path = ViewController.swift; sourceTree = "<group>"; };
		B07580D124BA127600A13237 /* Base */ = {isa = PBXFileReference; lastKnownFileType = file.storyboard; name = Base; path = Base.lproj/Main.storyboard; sourceTree = "<group>"; };
		B07580D324BA127700A13237 /* Assets.xcassets */ = {isa = PBXFileReference; lastKnownFileType = folder.assetcatalog; path = Assets.xcassets; sourceTree = "<group>"; };
		B07580D624BA127700A13237 /* Base */ = {isa = PBXFileReference; lastKnownFileType = file.storyboard; name = Base; path = Base.lproj/LaunchScreen.storyboard; sourceTree = "<group>"; };
		B07580D824BA127700A13237 /* Info.plist */ = {isa = PBXFileReference; lastKnownFileType = text.plist.xml; path = Info.plist; sourceTree = "<group>"; };
		B07580DD24BA127700A13237 /* ExpendibotsTests.xctest */ = {isa = PBXFileReference; explicitFileType = wrapper.cfbundle; includeInIndex = 0; path = ExpendibotsTests.xctest; sourceTree = BUILT_PRODUCTS_DIR; };
		B07580E124BA127700A13237 /* ExpendibotsTests.swift */ = {isa = PBXFileReference; lastKnownFileType = sourcecode.swift; path = ExpendibotsTests.swift; sourceTree = "<group>"; };
		B07580E324BA127700A13237 /* Info.plist */ = {isa = PBXFileReference; lastKnownFileType = text.plist.xml; path = Info.plist; sourceTree = "<group>"; };
		B07580E824BA127700A13237 /* ExpendibotsUITests.xctest */ = {isa = PBXFileReference; explicitFileType = wrapper.cfbundle; includeInIndex = 0; path = ExpendibotsUITests.xctest; sourceTree = BUILT_PRODUCTS_DIR; };
		B07580EC24BA127700A13237 /* ExpendibotsUITests.swift */ = {isa = PBXFileReference; lastKnownFileType = sourcecode.swift; path = ExpendibotsUITests.swift; sourceTree = "<group>"; };
		B07580EE24BA127700A13237 /* Info.plist */ = {isa = PBXFileReference; lastKnownFileType = text.plist.xml; path = Info.plist; sourceTree = "<group>"; };
		B075812F24BAD80500A13237 /* Piece.swift */ = {isa = PBXFileReference; lastKnownFileType = sourcecode.swift; path = Piece.swift; sourceTree = "<group>"; };
		B075813224BAD96F00A13237 /* board.swift */ = {isa = PBXFileReference; lastKnownFileType = sourcecode.swift; path = board.swift; sourceTree = "<group>"; };
		B075813C24C0449900A13237 /* extensionUIView.swift */ = {isa = PBXFileReference; lastKnownFileType = sourcecode.swift; path = extensionUIView.swift; sourceTree = "<group>"; };
		B075813E24C3133C00A13237 /* game.swift */ = {isa = PBXFileReference; lastKnownFileType = sourcecode.swift; path = game.swift; sourceTree = "<group>"; };
		B0924FE824DB3B7B00FB2D73 /* history.swift */ = {isa = PBXFileReference; lastKnownFileType = sourcecode.swift; path = history.swift; sourceTree = "<group>"; };
		B0924FEE24DB497400FB2D73 /* 三轮学.mp3 */ = {isa = PBXFileReference; lastKnownFileType = audio.mp3; path = "三轮学.mp3"; sourceTree = "<group>"; };
		B0924FEF24DB497400FB2D73 /* select.wav */ = {isa = PBXFileReference; lastKnownFileType = audio.wav; path = select.wav; sourceTree = "<group>"; };
/* End PBXFileReference section */

/* Begin PBXFrameworksBuildPhase section */
		B07580C424BA127600A13237 /* Frameworks */ = {
			isa = PBXFrameworksBuildPhase;
			buildActionMask = 2147483647;
			files = (
			);
			runOnlyForDeploymentPostprocessing = 0;
		};
		B07580DA24BA127700A13237 /* Frameworks */ = {
			isa = PBXFrameworksBuildPhase;
			buildActionMask = 2147483647;
			files = (
			);
			runOnlyForDeploymentPostprocessing = 0;
		};
		B07580E524BA127700A13237 /* Frameworks */ = {
			isa = PBXFrameworksBuildPhase;
			buildActionMask = 2147483647;
			files = (
			);
			runOnlyForDeploymentPostprocessing = 0;
		};
/* End PBXFrameworksBuildPhase section */

/* Begin PBXGroup section */
		B024920124C4074B000349C9 /* resource */ = {
			isa = PBXGroup;
			children = (
				B024920824C40CB1000349C9 /* 爆炸.mp3 */,
				B0924FEF24DB497400FB2D73 /* select.wav */,
				B0924FEE24DB497400FB2D73 /* 三轮学.mp3 */,
			);
			path = resource;
			sourceTree = "<group>";
		};
		B07580BE24BA127600A13237 = {
			isa = PBXGroup;
			children = (
				B07580C924BA127600A13237 /* Expendibots */,
				B07580E024BA127700A13237 /* ExpendibotsTests */,
				B07580EB24BA127700A13237 /* ExpendibotsUITests */,
				B07580C824BA127600A13237 /* Products */,
			);
			sourceTree = "<group>";
		};
		B07580C824BA127600A13237 /* Products */ = {
			isa = PBXGroup;
			children = (
				B07580C724BA127600A13237 /* Expendibots.app */,
				B07580DD24BA127700A13237 /* ExpendibotsTests.xctest */,
				B07580E824BA127700A13237 /* ExpendibotsUITests.xctest */,
			);
			name = Products;
			sourceTree = "<group>";
		};
		B07580C924BA127600A13237 /* Expendibots */ = {
			isa = PBXGroup;
			children = (
				B024920124C4074B000349C9 /* resource */,
				B075813124BAD96200A13237 /* board */,
				B075812E24BAD7E800A13237 /* piece */,
				B07580CA24BA127600A13237 /* AppDelegate.swift */,
				B07580CC24BA127600A13237 /* SceneDelegate.swift */,
				B07580CE24BA127600A13237 /* ViewController.swift */,
				B07580D024BA127600A13237 /* Main.storyboard */,
				B07580D324BA127700A13237 /* Assets.xcassets */,
				B07580D524BA127700A13237 /* LaunchScreen.storyboard */,
				B07580D824BA127700A13237 /* Info.plist */,
			);
			path = Expendibots;
			sourceTree = "<group>";
		};
		B07580E024BA127700A13237 /* ExpendibotsTests */ = {
			isa = PBXGroup;
			children = (
				B07580E124BA127700A13237 /* ExpendibotsTests.swift */,
				B07580E324BA127700A13237 /* Info.plist */,
			);
			path = ExpendibotsTests;
			sourceTree = "<group>";
		};
		B07580EB24BA127700A13237 /* ExpendibotsUITests */ = {
			isa = PBXGroup;
			children = (
				B07580EC24BA127700A13237 /* ExpendibotsUITests.swift */,
				B07580EE24BA127700A13237 /* Info.plist */,
			);
			path = ExpendibotsUITests;
			sourceTree = "<group>";
		};
		B075812E24BAD7E800A13237 /* piece */ = {
			isa = PBXGroup;
			children = (
				B075813224BAD96F00A13237 /* board.swift */,
				B075813C24C0449900A13237 /* extensionUIView.swift */,
			);
			path = piece;
			sourceTree = "<group>";
		};
		B075813124BAD96200A13237 /* board */ = {
			isa = PBXGroup;
			children = (
				B075812F24BAD80500A13237 /* Piece.swift */,
				B075813E24C3133C00A13237 /* game.swift */,
				B02491FD24C3F5D3000349C9 /* AIPlayer.swift */,
				B0924FE824DB3B7B00FB2D73 /* history.swift */,
			);
			path = board;
			sourceTree = "<group>";
		};
/* End PBXGroup section */

/* Begin PBXNativeTarget section */
		B07580C624BA127600A13237 /* Expendibots */ = {
			isa = PBXNativeTarget;
			buildConfigurationList = B07580F124BA127700A13237 /* Build configuration list for PBXNativeTarget "Expendibots" */;
			buildPhases = (
				B07580C324BA127600A13237 /* Sources */,
				B07580C424BA127600A13237 /* Frameworks */,
				B07580C524BA127600A13237 /* Resources */,
			);
			buildRules = (
			);
			dependencies = (
			);
			name = Expendibots;
			productName = Expendibots;
			productReference = B07580C724BA127600A13237 /* Expendibots.app */;
			productType = "com.apple.product-type.application";
		};
		B07580DC24BA127700A13237 /* ExpendibotsTests */ = {
			isa = PBXNativeTarget;
			buildConfigurationList = B07580F424BA127700A13237 /* Build configuration list for PBXNativeTarget "ExpendibotsTests" */;
			buildPhases = (
				B07580D924BA127700A13237 /* Sources */,
				B07580DA24BA127700A13237 /* Frameworks */,
				B07580DB24BA127700A13237 /* Resources */,
			);
			buildRules = (
			);
			dependencies = (
				B07580DF24BA127700A13237 /* PBXTargetDependency */,
			);
			name = ExpendibotsTests;
			productName = ExpendibotsTests;
			productReference = B07580DD24BA127700A13237 /* ExpendibotsTests.xctest */;
			productType = "com.apple.product-type.bundle.unit-test";
		};
		B07580E724BA127700A13237 /* ExpendibotsUITests */ = {
			isa = PBXNativeTarget;
			buildConfigurationList = B07580F724BA127700A13237 /* Build configuration list for PBXNativeTarget "ExpendibotsUITests" */;
			buildPhases = (
				B07580E424BA127700A13237 /* Sources */,
				B07580E524BA127700A13237 /* Frameworks */,
				B07580E624BA127700A13237 /* Resources */,
			);
			buildRules = (
			);
			dependencies = (
				B07580EA24BA127700A13237 /* PBXTargetDependency */,
			);
			name = ExpendibotsUITests;
			productName = ExpendibotsUITests;
			productReference = B07580E824BA127700A13237 /* ExpendibotsUITests.xctest */;
			productType = "com.apple.product-type.bundle.ui-testing";
		};
/* End PBXNativeTarget section */

/* Begin PBXProject section */
		B07580BF24BA127600A13237 /* Project object */ = {
			isa = PBXProject;
			attributes = {
				LastSwiftUpdateCheck = 1130;
				LastUpgradeCheck = 1130;
				ORGANIZATIONNAME = "施杰煌";
				TargetAttributes = {
					B07580C624BA127600A13237 = {
						CreatedOnToolsVersion = 11.3.1;
					};
					B07580DC24BA127700A13237 = {
						CreatedOnToolsVersion = 11.3.1;
						TestTargetID = B07580C624BA127600A13237;
					};
					B07580E724BA127700A13237 = {
						CreatedOnToolsVersion = 11.3.1;
						TestTargetID = B07580C624BA127600A13237;
					};
				};
			};
			buildConfigurationList = B07580C224BA127600A13237 /* Build configuration list for PBXProject "Expendibots" */;
			compatibilityVersion = "Xcode 9.3";
			developmentRegion = en;
			hasScannedForEncodings = 0;
			knownRegions = (
				en,
				Base,
			);
			mainGroup = B07580BE24BA127600A13237;
			productRefGroup = B07580C824BA127600A13237 /* Products */;
			projectDirPath = "";
			projectRoot = "";
			targets = (
				B07580C624BA127600A13237 /* Expendibots */,
				B07580DC24BA127700A13237 /* ExpendibotsTests */,
				B07580E724BA127700A13237 /* ExpendibotsUITests */,
			);
		};
/* End PBXProject section */

/* Begin PBXResourcesBuildPhase section */
		B07580C524BA127600A13237 /* Resources */ = {
			isa = PBXResourcesBuildPhase;
			buildActionMask = 2147483647;
			files = (
				B07580D724BA127700A13237 /* LaunchScreen.storyboard in Resources */,
				B0924FF024DB497400FB2D73 /* 三轮学.mp3 in Resources */,
				B024920924C40CB1000349C9 /* 爆炸.mp3 in Resources */,
				B07580D424BA127700A13237 /* Assets.xcassets in Resources */,
				B0924FF124DB497400FB2D73 /* select.wav in Resources */,
				B07580D224BA127600A13237 /* Main.storyboard in Resources */,
			);
			runOnlyForDeploymentPostprocessing = 0;
		};
		B07580DB24BA127700A13237 /* Resources */ = {
			isa = PBXResourcesBuildPhase;
			buildActionMask = 2147483647;
			files = (
			);
			runOnlyForDeploymentPostprocessing = 0;
		};
		B07580E624BA127700A13237 /* Resources */ = {
			isa = PBXResourcesBuildPhase;
			buildActionMask = 2147483647;
			files = (
			);
			runOnlyForDeploymentPostprocessing = 0;
		};
/* End PBXResourcesBuildPhase section */

/* Begin PBXSourcesBuildPhase section */
		B07580C324BA127600A13237 /* Sources */ = {
			isa = PBXSourcesBuildPhase;
			buildActionMask = 2147483647;
			files = (
				B02491FE24C3F5D3000349C9 /* AIPlayer.swift in Sources */,
				B075813D24C0449900A13237 /* extensionUIView.swift in Sources */,
				B07580CF24BA127600A13237 /* ViewController.swift in Sources */,
				B075813324BAD96F00A13237 /* board.swift in Sources */,
				B0924FE924DB3B7B00FB2D73 /* history.swift in Sources */,
				B075813024BAD80500A13237 /* Piece.swift in Sources */,
				B07580CB24BA127600A13237 /* AppDelegate.swift in Sources */,
				B075813F24C3133C00A13237 /* game.swift in Sources */,
				B07580CD24BA127600A13237 /* SceneDelegate.swift in Sources */,
			);
			runOnlyForDeploymentPostprocessing = 0;
		};
		B07580D924BA127700A13237 /* Sources */ = {
			isa = PBXSourcesBuildPhase;
			buildActionMask = 2147483647;
			files = (
				B07580E224BA127700A13237 /* ExpendibotsTests.swift in Sources */,
			);
			runOnlyForDeploymentPostprocessing = 0;
		};
		B07580E424BA127700A13237 /* Sources */ = {
			isa = PBXSourcesBuildPhase;
			buildActionMask = 2147483647;
			files = (
				B07580ED24BA127700A13237 /* ExpendibotsUITests.swift in Sources */,
			);
			runOnlyForDeploymentPostprocessing = 0;
		};
/* End PBXSourcesBuildPhase section */

/* Begin PBXTargetDependency section */
		B07580DF24BA127700A13237 /* PBXTargetDependency */ = {
			isa = PBXTargetDependency;
			target = B07580C624BA127600A13237 /* Expendibots */;
			targetProxy = B07580DE24BA127700A13237 /* PBXContainerItemProxy */;
		};
		B07580EA24BA127700A13237 /* PBXTargetDependency */ = {
			isa = PBXTargetDependency;
			target = B07580C624BA127600A13237 /* Expendibots */;
			targetProxy = B07580E924BA127700A13237 /* PBXContainerItemProxy */;
		};
/* End PBXTargetDependency section */

/* Begin PBXVariantGroup section */
		B07580D024BA127600A13237 /* Main.storyboard */ = {
			isa = PBXVariantGroup;
			children = (
				B07580D124BA127600A13237 /* Base */,
			);
			name = Main.storyboard;
			sourceTree = "<group>";
		};
		B07580D524BA127700A13237 /* LaunchScreen.storyboard */ = {
			isa = PBXVariantGroup;
			children = (
				B07580D624BA127700A13237 /* Base */,
			);
			name = LaunchScreen.storyboard;
			sourceTree = "<group>";
		};
/* End PBXVariantGroup section */

/* Begin XCBuildConfiguration section */
		B07580EF24BA127700A13237 /* Debug */ = {
			isa = XCBuildConfiguration;
			buildSettings = {
				ALWAYS_SEARCH_USER_PATHS = NO;
				CLANG_ANALYZER_NONNULL = YES;
				CLANG_ANALYZER_NUMBER_OBJECT_CONVERSION = YES_AGGRESSIVE;
				CLANG_CXX_LANGUAGE_STANDARD = "gnu++14";
				CLANG_CXX_LIBRARY = "libc++";
				CLANG_ENABLE_MODULES = YES;
				CLANG_ENABLE_OBJC_ARC = YES;
				CLANG_ENABLE_OBJC_WEAK = YES;
				CLANG_WARN_BLOCK_CAPTURE_AUTORELEASING = YES;
				CLANG_WARN_BOOL_CONVERSION = YES;
				CLANG_WARN_COMMA = YES;
				CLANG_WARN_CONSTANT_CONVERSION = YES;
				CLANG_WARN_DEPRECATED_OBJC_IMPLEMENTATIONS = YES;
				CLANG_WARN_DIRECT_OBJC_ISA_USAGE = YES_ERROR;
				CLANG_WARN_DOCUMENTATION_COMMENTS = YES;
				CLANG_WARN_EMPTY_BODY = YES;
				CLANG_WARN_ENUM_CONVERSION = YES;
				CLANG_WARN_INFINITE_RECURSION = YES;
				CLANG_WARN_INT_CONVERSION = YES;
				CLANG_WARN_NON_LITERAL_NULL_CONVERSION = YES;
				CLANG_WARN_OBJC_IMPLICIT_RETAIN_SELF = YES;
				CLANG_WARN_OBJC_LITERAL_CONVERSION = YES;
				CLANG_WARN_OBJC_ROOT_CLASS = YES_ERROR;
				CLANG_WARN_RANGE_LOOP_ANALYSIS = YES;
				CLANG_WARN_STRICT_PROTOTYPES = YES;
				CLANG_WARN_SUSPICIOUS_MOVE = YES;
				CLANG_WARN_UNGUARDED_AVAILABILITY = YES_AGGRESSIVE;
				CLANG_WARN_UNREACHABLE_CODE = YES;
				CLANG_WARN__DUPLICATE_METHOD_MATCH = YES;
				COPY_PHASE_STRIP = NO;
				DEBUG_INFORMATION_FORMAT = dwarf;
				ENABLE_STRICT_OBJC_MSGSEND = YES;
				ENABLE_TESTABILITY = YES;
				GCC_C_LANGUAGE_STANDARD = gnu11;
				GCC_DYNAMIC_NO_PIC = NO;
				GCC_NO_COMMON_BLOCKS = YES;
				GCC_OPTIMIZATION_LEVEL = 0;
				GCC_PREPROCESSOR_DEFINITIONS = (
					"DEBUG=1",
					"$(inherited)",
				);
				GCC_WARN_64_TO_32_BIT_CONVERSION = YES;
				GCC_WARN_ABOUT_RETURN_TYPE = YES_ERROR;
				GCC_WARN_UNDECLARED_SELECTOR = YES;
				GCC_WARN_UNINITIALIZED_AUTOS = YES_AGGRESSIVE;
				GCC_WARN_UNUSED_FUNCTION = YES;
				GCC_WARN_UNUSED_VARIABLE = YES;
				IPHONEOS_DEPLOYMENT_TARGET = 13.2;
				MTL_ENABLE_DEBUG_INFO = INCLUDE_SOURCE;
				MTL_FAST_MATH = YES;
				ONLY_ACTIVE_ARCH = YES;
				SDKROOT = iphoneos;
				SWIFT_ACTIVE_COMPILATION_CONDITIONS = DEBUG;
				SWIFT_OPTIMIZATION_LEVEL = "-Onone";
			};
			name = Debug;
		};
		B07580F024BA127700A13237 /* Release */ = {
			isa = XCBuildConfiguration;
			buildSettings = {
				ALWAYS_SEARCH_USER_PATHS = NO;
				CLANG_ANALYZER_NONNULL = YES;
				CLANG_ANALYZER_NUMBER_OBJECT_CONVERSION = YES_AGGRESSIVE;
				CLANG_CXX_LANGUAGE_STANDARD = "gnu++14";
				CLANG_CXX_LIBRARY = "libc++";
				CLANG_ENABLE_MODULES = YES;
				CLANG_ENABLE_OBJC_ARC = YES;
				CLANG_ENABLE_OBJC_WEAK = YES;
				CLANG_WARN_BLOCK_CAPTURE_AUTORELEASING = YES;
				CLANG_WARN_BOOL_CONVERSION = YES;
				CLANG_WARN_COMMA = YES;
				CLANG_WARN_CONSTANT_CONVERSION = YES;
				CLANG_WARN_DEPRECATED_OBJC_IMPLEMENTATIONS = YES;
				CLANG_WARN_DIRECT_OBJC_ISA_USAGE = YES_ERROR;
				CLANG_WARN_DOCUMENTATION_COMMENTS = YES;
				CLANG_WARN_EMPTY_BODY = YES;
				CLANG_WARN_ENUM_CONVERSION = YES;
				CLANG_WARN_INFINITE_RECURSION = YES;
				CLANG_WARN_INT_CONVERSION = YES;
				CLANG_WARN_NON_LITERAL_NULL_CONVERSION = YES;
				CLANG_WARN_OBJC_IMPLICIT_RETAIN_SELF = YES;
				CLANG_WARN_OBJC_LITERAL_CONVERSION = YES;
				CLANG_WARN_OBJC_ROOT_CLASS = YES_ERROR;
				CLANG_WARN_RANGE_LOOP_ANALYSIS = YES;
				CLANG_WARN_STRICT_PROTOTYPES = YES;
				CLANG_WARN_SUSPICIOUS_MOVE = YES;
				CLANG_WARN_UNGUARDED_AVAILABILITY = YES_AGGRESSIVE;
				CLANG_WARN_UNREACHABLE_CODE = YES;
				CLANG_WARN__DUPLICATE_METHOD_MATCH = YES;
				COPY_PHASE_STRIP = NO;
				DEBUG_INFORMATION_FORMAT = "dwarf-with-dsym";
				ENABLE_NS_ASSERTIONS = NO;
				ENABLE_STRICT_OBJC_MSGSEND = YES;
				GCC_C_LANGUAGE_STANDARD = gnu11;
				GCC_NO_COMMON_BLOCKS = YES;
				GCC_WARN_64_TO_32_BIT_CONVERSION = YES;
				GCC_WARN_ABOUT_RETURN_TYPE = YES_ERROR;
				GCC_WARN_UNDECLARED_SELECTOR = YES;
				GCC_WARN_UNINITIALIZED_AUTOS = YES_AGGRESSIVE;
				GCC_WARN_UNUSED_FUNCTION = YES;
				GCC_WARN_UNUSED_VARIABLE = YES;
				IPHONEOS_DEPLOYMENT_TARGET = 13.2;
				MTL_ENABLE_DEBUG_INFO = NO;
				MTL_FAST_MATH = YES;
				SDKROOT = iphoneos;
				SWIFT_COMPILATION_MODE = wholemodule;
				SWIFT_OPTIMIZATION_LEVEL = "-O";
				VALIDATE_PRODUCT = YES;
			};
			name = Release;
		};
		B07580F224BA127700A13237 /* Debug */ = {
			isa = XCBuildConfiguration;
			buildSettings = {
				ASSETCATALOG_COMPILER_APPICON_NAME = AppIcon;
				CODE_SIGN_STYLE = Automatic;
				INFOPLIST_FILE = Expendibots/Info.plist;
				LD_RUNPATH_SEARCH_PATHS = (
					"$(inherited)",
					"@executable_path/Frameworks",
				);
				PRODUCT_BUNDLE_IDENTIFIER = "---.Expendibots";
				PRODUCT_NAME = "$(TARGET_NAME)";
				SWIFT_VERSION = 5.0;
				TARGETED_DEVICE_FAMILY = "1,2";
			};
			name = Debug;
		};
		B07580F324BA127700A13237 /* Release */ = {
			isa = XCBuildConfiguration;
			buildSettings = {
				ASSETCATALOG_COMPILER_APPICON_NAME = AppIcon;
				CODE_SIGN_STYLE = Automatic;
				INFOPLIST_FILE = Expendibots/Info.plist;
				LD_RUNPATH_SEARCH_PATHS = (
					"$(inherited)",
					"@executable_path/Frameworks",
				);
				PRODUCT_BUNDLE_IDENTIFIER = "---.Expendibots";
				PRODUCT_NAME = "$(TARGET_NAME)";
				SWIFT_VERSION = 5.0;
				TARGETED_DEVICE_FAMILY = "1,2";
			};
			name = Release;
		};
		B07580F524BA127700A13237 /* Debug */ = {
			isa = XCBuildConfiguration;
			buildSettings = {
				ALWAYS_EMBED_SWIFT_STANDARD_LIBRARIES = YES;
				BUNDLE_LOADER = "$(TEST_HOST)";
				CODE_SIGN_STYLE = Automatic;
				INFOPLIST_FILE = ExpendibotsTests/Info.plist;
				IPHONEOS_DEPLOYMENT_TARGET = 13.2;
				LD_RUNPATH_SEARCH_PATHS = (
					"$(inherited)",
					"@executable_path/Frameworks",
					"@loader_path/Frameworks",
				);
				PRODUCT_BUNDLE_IDENTIFIER = "---.ExpendibotsTests";
				PRODUCT_NAME = "$(TARGET_NAME)";
				SWIFT_VERSION = 5.0;
				TARGETED_DEVICE_FAMILY = "1,2";
				TEST_HOST = "$(BUILT_PRODUCTS_DIR)/Expendibots.app/Expendibots";
			};
			name = Debug;
		};
		B07580F624BA127700A13237 /* Release */ = {
			isa = XCBuildConfiguration;
			buildSettings = {
				ALWAYS_EMBED_SWIFT_STANDARD_LIBRARIES = YES;
				BUNDLE_LOADER = "$(TEST_HOST)";
				CODE_SIGN_STYLE = Automatic;
				INFOPLIST_FILE = ExpendibotsTests/Info.plist;
				IPHONEOS_DEPLOYMENT_TARGET = 13.2;
				LD_RUNPATH_SEARCH_PATHS = (
					"$(inherited)",
					"@executable_path/Frameworks",
					"@loader_path/Frameworks",
				);
				PRODUCT_BUNDLE_IDENTIFIER = "---.ExpendibotsTests";
				PRODUCT_NAME = "$(TARGET_NAME)";
				SWIFT_VERSION = 5.0;
				TARGETED_DEVICE_FAMILY = "1,2";
				TEST_HOST = "$(BUILT_PRODUCTS_DIR)/Expendibots.app/Expendibots";
			};
			name = Release;
		};
		B07580F824BA127700A13237 /* Debug */ = {
			isa = XCBuildConfiguration;
			buildSettings = {
				ALWAYS_EMBED_SWIFT_STANDARD_LIBRARIES = YES;
				CODE_SIGN_STYLE = Automatic;
				INFOPLIST_FILE = ExpendibotsUITests/Info.plist;
				LD_RUNPATH_SEARCH_PATHS = (
					"$(inherited)",
					"@executable_path/Frameworks",
					"@loader_path/Frameworks",
				);
				PRODUCT_BUNDLE_IDENTIFIER = "---.ExpendibotsUITests";
				PRODUCT_NAME = "$(TARGET_NAME)";
				SWIFT_VERSION = 5.0;
				TARGETED_DEVICE_FAMILY = "1,2";
				TEST_TARGET_NAME = Expendibots;
			};
			name = Debug;
		};
		B07580F924BA127700A13237 /* Release */ = {
			isa = XCBuildConfiguration;
			buildSettings = {
				ALWAYS_EMBED_SWIFT_STANDARD_LIBRARIES = YES;
				CODE_SIGN_STYLE = Automatic;
				INFOPLIST_FILE = ExpendibotsUITests/Info.plist;
				LD_RUNPATH_SEARCH_PATHS = (
					"$(inherited)",
					"@executable_path/Frameworks",
					"@loader_path/Frameworks",
				);
				PRODUCT_BUNDLE_IDENTIFIER = "---.ExpendibotsUITests";
				PRODUCT_NAME = "$(TARGET_NAME)";
				SWIFT_VERSION = 5.0;
				TARGETED_DEVICE_FAMILY = "1,2";
				TEST_TARGET_NAME = Expendibots;
			};
			name = Release;
		};
/* End XCBuildConfiguration section */

/* Begin XCConfigurationList section */
		B07580C224BA127600A13237 /* Build configuration list for PBXProject "Expendibots" */ = {
			isa = XCConfigurationList;
			buildConfigurations = (
				B07580EF24BA127700A13237 /* Debug */,
				B07580F024BA127700A13237 /* Release */,
			);
			defaultConfigurationIsVisible = 0;
			defaultConfigurationName = Release;
		};
		B07580F124BA127700A13237 /* Build configuration list for PBXNativeTarget "Expendibots" */ = {
			isa = XCConfigurationList;
			buildConfigurations = (
				B07580F224BA127700A13237 /* Debug */,
				B07580F324BA127700A13237 /* Release */,
			);
			defaultConfigurationIsVisible = 0;
			defaultConfigurationName = Release;
		};
		B07580F424BA127700A13237 /* Build configuration list for PBXNativeTarget "ExpendibotsTests" */ = {
			isa = XCConfigurationList;
			buildConfigurations = (
				B07580F524BA127700A13237 /* Debug */,
				B07580F624BA127700A13237 /* Release */,
			);
			defaultConfigurationIsVisible = 0;
			defaultConfigurationName = Release;
		};
		B07580F724BA127700A13237 /* Build configuration list for PBXNativeTarget "ExpendibotsUITests" */ = {
			isa = XCConfigurationList;
			buildConfigurations = (
				B07580F824BA127700A13237 /* Debug */,
				B07580F924BA127700A13237 /* Release */,
			);
			defaultConfigurationIsVisible = 0;
			defaultConfigurationName = Release;
		};
/* End XCConfigurationList section */
	};
	rootObject = B07580BF24BA127600A13237 /* Project object */;
}
